<?xml version="1.0" encoding="utf-8"?>
<Project ToolsVersion="4.0" xmlns="http://schemas.microsoft.com/developer/msbuild/2003">
  <ItemGroup>
    <ClCompile Include="BattleEngine\BattleEngine.cpp" />
    <ClCompile Include="BattleEngine\Player.cpp" />
    <ClCompile Include="Directory.cpp" />
    <ClCompile Include="Main.cpp" />
    <ClCompile Include="GameDriver.cpp" />
    <ClCompile Include="Instantiation.cpp" />
    <ClCompile Include="Map\Continent.cpp" />
    <ClCompile Include="Map\Country.cpp" />
    <ClCompile Include="Map\Map.cpp" />
    <ClCompile Include="Map\MapCreator.cpp" />
    <ClCompile Include="Map\Map_View.cpp" />
    <ClCompile Include="Map\UtilityMap.cpp" />
    <ClCompile Include="Subject.cpp" />
    <ClCompile Include="UI\PlayerView.cpp" />
    <ClCompile Include="BattleEngine\Card.cpp" />
    <ClCompile Include="BattleEngine\CardUtilities.cpp" />
  </ItemGroup>
  <ItemGroup>
    <ClInclude Include="BattleEngine\Agressive.h" />
    <ClInclude Include="BattleEngine\BattleEngine.h" />
    <ClInclude Include="BattleEngine\Defensive.h" />
    <ClInclude Include="BattleEngine\Player.h" />
    <ClInclude Include="BattleEngine\PlayerViewDecorator.h" />
    <ClInclude Include="BattleEngine\Random.h" />
    <ClInclude Include="BattleEngine\Strategy.h" />
    <ClInclude Include="Directory.h" />
    <ClInclude Include="GameDriver.h" />
    <ClInclude Include="Gamelog.h" />
    <ClInclude Include="Instantiation.h" />
    <ClInclude Include="Map\Continent.h" />
    <ClInclude Include="Map\Country.h" />
    <ClInclude Include="Map\Map.h" />
    <ClInclude Include="Map\MapCreator.h" />
    <ClInclude Include="Map\Map_View.h" />
    <ClInclude Include="Map\UtilityMap.h" />
    <ClInclude Include="Observer.h" />
    <ClInclude Include="Subject.h" />
    <ClInclude Include="UI\PlayerView.h" />
    <ClInclude Include="BattleEngine\Card.h" />
    <ClInclude Include="BattleEngine\CardUtilities.h" />
  </ItemGroup>
</Project>